// !$*UTF8*$!
{
	archiveVersion = 1;
	classes = {
	};
	objectVersion = 46;
	objects = {

/* Begin PBXBuildFile section */
		334CB7A11A7F1BDF00783791 /* ChoseTableViewController.m in Sources */ = {isa = PBXBuildFile; fileRef = 334CB7A01A7F1BDF00783791 /* ChoseTableViewController.m */; };
		334CB7A61A7F1E4100783791 /* Test2ViewController.m in Sources */ = {isa = PBXBuildFile; fileRef = 334CB7A51A7F1E4100783791 /* Test2ViewController.m */; };
		334CB7A91A7F1E7100783791 /* Test2TableViewCell.m in Sources */ = {isa = PBXBuildFile; fileRef = 334CB7A81A7F1E7100783791 /* Test2TableViewCell.m */; };
		334CB7AD1A7F1F8800783791 /* UIView+AutoLayout.m in Sources */ = {isa = PBXBuildFile; fileRef = 334CB7AC1A7F1F8800783791 /* UIView+AutoLayout.m */; };
		33D0C0291A7A29D6009E7EB8 /* main.m in Sources */ = {isa = PBXBuildFile; fileRef = 33D0C0281A7A29D6009E7EB8 /* main.m */; };
		33D0C02C1A7A29D6009E7EB8 /* AppDelegate.m in Sources */ = {isa = PBXBuildFile; fileRef = 33D0C02B1A7A29D6009E7EB8 /* AppDelegate.m */; };
		33D0C02F1A7A29D6009E7EB8 /* ViewController.m in Sources */ = {isa = PBXBuildFile; fileRef = 33D0C02E1A7A29D6009E7EB8 /* ViewController.m */; };
		33D0C0321A7A29D6009E7EB8 /* Main.storyboard in Resources */ = {isa = PBXBuildFile; fileRef = 33D0C0301A7A29D6009E7EB8 /* Main.storyboard */; };
		33D0C0341A7A29D6009E7EB8 /* Images.xcassets in Resources */ = {isa = PBXBuildFile; fileRef = 33D0C0331A7A29D6009E7EB8 /* Images.xcassets */; };
		33D0C0371A7A29D6009E7EB8 /* LaunchScreen.xib in Resources */ = {isa = PBXBuildFile; fileRef = 33D0C0351A7A29D6009E7EB8 /* LaunchScreen.xib */; };
		33D0C0431A7A29D6009E7EB8 /* TableViewHightDemoTests.m in Sources */ = {isa = PBXBuildFile; fileRef = 33D0C0421A7A29D6009E7EB8 /* TableViewHightDemoTests.m */; };
		33D0C04F1A7A2A59009E7EB8 /* TestTableViewCell.m in Sources */ = {isa = PBXBuildFile; fileRef = 33D0C04D1A7A2A59009E7EB8 /* TestTableViewCell.m */; };
		33D0C0501A7A2A59009E7EB8 /* TestTableViewCell.xib in Resources */ = {isa = PBXBuildFile; fileRef = 33D0C04E1A7A2A59009E7EB8 /* TestTableViewCell.xib */; };
		33D0C0521A7A2FA9009E7EB8 /* 10_5.jpg in Resources */ = {isa = PBXBuildFile; fileRef = 33D0C0511A7A2FA9009E7EB8 /* 10_5.jpg */; };
/* End PBXBuildFile section */

/* Begin PBXContainerItemProxy section */
		33D0C03D1A7A29D6009E7EB8 /* PBXContainerItemProxy */ = {
			isa = PBXContainerItemProxy;
			containerPortal = 33D0C01B1A7A29D6009E7EB8 /* Project object */;
			proxyType = 1;
			remoteGlobalIDString = 33D0C0221A7A29D6009E7EB8;
			remoteInfo = TableViewHightDemo;
		};
/* End PBXContainerItemProxy section */

/* Begin PBXFileReference section */
		334CB79F1A7F1BDF00783791 /* ChoseTableViewController.h */ = {isa = PBXFileReference; fileEncoding = 4; lastKnownFileType = sourcecode.c.h; path = ChoseTableViewController.h; sourceTree = "<group>"; };
		334CB7A01A7F1BDF00783791 /* ChoseTableViewController.m */ = {isa = PBXFileReference; fileEncoding = 4; lastKnownFileType = sourcecode.c.objc; path = ChoseTableViewController.m; sourceTree = "<group>"; };
		334CB7A41A7F1E4100783791 /* Test2ViewController.h */ = {isa = PBXFileReference; fileEncoding = 4; lastKnownFileType = sourcecode.c.h; path = Test2ViewController.h; sourceTree = "<group>"; };
		334CB7A51A7F1E4100783791 /* Test2ViewController.m */ = {isa = PBXFileReference; fileEncoding = 4; lastKnownFileType = sourcecode.c.objc; path = Test2ViewController.m; sourceTree = "<group>"; };
		334CB7A71A7F1E7100783791 /* Test2TableViewCell.h */ = {isa = PBXFileReference; fileEncoding = 4; lastKnownFileType = sourcecode.c.h; path = Test2TableViewCell.h; sourceTree = "<group>"; };
		334CB7A81A7F1E7100783791 /* Test2TableViewCell.m */ = {isa = PBXFileReference; fileEncoding = 4; lastKnownFileType = sourcecode.c.objc; path = Test2TableViewCell.m; sourceTree = "<group>"; };
		334CB7AB1A7F1F8800783791 /* UIView+AutoLayout.h */ = {isa = PBXFileReference; fileEncoding = 4; lastKnownFileType = sourcecode.c.h; path = "UIView+AutoLayout.h"; sourceTree = "<group>"; };
		334CB7AC1A7F1F8800783791 /* UIView+AutoLayout.m */ = {isa = PBXFileReference; fileEncoding = 4; lastKnownFileType = sourcecode.c.objc; path = "UIView+AutoLayout.m"; sourceTree = "<group>"; };
		33D0C0231A7A29D6009E7EB8 /* TableViewHightDemo.app */ = {isa = PBXFileReference; explicitFileType = wrapper.application; includeInIndex = 0; path = TableViewHightDemo.app; sourceTree = BUILT_PRODUCTS_DIR; };
		33D0C0271A7A29D6009E7EB8 /* Info.plist */ = {isa = PBXFileReference; lastKnownFileType = text.plist.xml; path = Info.plist; sourceTree = "<group>"; };
		33D0C0281A7A29D6009E7EB8 /* main.m */ = {isa = PBXFileReference; lastKnownFileType = sourcecode.c.objc; path = main.m; sourceTree = "<group>"; };
		33D0C02A1A7A29D6009E7EB8 /* AppDelegate.h */ = {isa = PBXFileReference; lastKnownFileType = sourcecode.c.h; path = AppDelegate.h; sourceTree = "<group>"; };
		33D0C02B1A7A29D6009E7EB8 /* AppDelegate.m */ = {isa = PBXFileReference; lastKnownFileType = sourcecode.c.objc; path = AppDelegate.m; sourceTree = "<group>"; };
		33D0C02D1A7A29D6009E7EB8 /* ViewController.h */ = {isa = PBXFileReference; lastKnownFileType = sourcecode.c.h; path = ViewController.h; sourceTree = "<group>"; };
		33D0C02E1A7A29D6009E7EB8 /* ViewController.m */ = {isa = PBXFileReference; lastKnownFileType = sourcecode.c.objc; path = ViewController.m; sourceTree = "<group>"; };
		33D0C0311A7A29D6009E7EB8 /* Base */ = {isa = PBXFileReference; lastKnownFileType = file.storyboard; name = Base; path = Base.lproj/Main.storyboard; sourceTree = "<group>"; };
		33D0C0331A7A29D6009E7EB8 /* Images.xcassets */ = {isa = PBXFileReference; lastKnownFileType = folder.assetcatalog; path = Images.xcassets; sourceTree = "<group>"; };
		33D0C0361A7A29D6009E7EB8 /* Base */ = {isa = PBXFileReference; lastKnownFileType = file.xib; name = Base; path = Base.lproj/LaunchScreen.xib; sourceTree = "<group>"; };
		33D0C03C1A7A29D6009E7EB8 /* TableViewHightDemoTests.xctest */ = {isa = PBXFileReference; explicitFileType = wrapper.cfbundle; includeInIndex = 0; path = TableViewHightDemoTests.xctest; sourceTree = BUILT_PRODUCTS_DIR; };
		33D0C0411A7A29D6009E7EB8 /* Info.plist */ = {isa = PBXFileReference; lastKnownFileType = text.plist.xml; path = Info.plist; sourceTree = "<group>"; };
		33D0C0421A7A29D6009E7EB8 /* TableViewHightDemoTests.m */ = {isa = PBXFileReference; lastKnownFileType = sourcecode.c.objc; path = TableViewHightDemoTests.m; sourceTree = "<group>"; };
		33D0C04C1A7A2A59009E7EB8 /* TestTableViewCell.h */ = {isa = PBXFileReference; fileEncoding = 4; lastKnownFileType = sourcecode.c.h; path = TestTableViewCell.h; sourceTree = "<group>"; };
		33D0C04D1A7A2A59009E7EB8 /* TestTableViewCell.m */ = {isa = PBXFileReference; fileEncoding = 4; lastKnownFileType = sourcecode.c.objc; path = TestTableViewCell.m; sourceTree = "<group>"; };
		33D0C04E1A7A2A59009E7EB8 /* TestTableViewCell.xib */ = {isa = PBXFileReference; fileEncoding = 4; lastKnownFileType = file.xib; path = TestTableViewCell.xib; sourceTree = "<group>"; };
		33D0C0511A7A2FA9009E7EB8 /* 10_5.jpg */ = {isa = PBXFileReference; lastKnownFileType = image.jpeg; path = 10_5.jpg; sourceTree = "<group>"; };
/* End PBXFileReference section */

/* Begin PBXFrameworksBuildPhase section */
		33D0C0201A7A29D6009E7EB8 /* Frameworks */ = {
			isa = PBXFrameworksBuildPhase;
			buildActionMask = 2147483647;
			files = (
			);
			runOnlyForDeploymentPostprocessing = 0;
		};
		33D0C0391A7A29D6009E7EB8 /* Frameworks */ = {
			isa = PBXFrameworksBuildPhase;
			buildActionMask = 2147483647;
			files = (
			);
			runOnlyForDeploymentPostprocessing = 0;
		};
/* End PBXFrameworksBuildPhase section */

/* Begin PBXGroup section */
		334CB7A21A7F1DFD00783791 /* autolayoutForXib */ = {
			isa = PBXGroup;
			children = (
				33D0C02D1A7A29D6009E7EB8 /* ViewController.h */,
				33D0C02E1A7A29D6009E7EB8 /* ViewController.m */,
				33D0C04C1A7A2A59009E7EB8 /* TestTableViewCell.h */,
				33D0C04D1A7A2A59009E7EB8 /* TestTableViewCell.m */,
				33D0C04E1A7A2A59009E7EB8 /* TestTableViewCell.xib */,
			);
			name = autolayoutForXib;
			sourceTree = "<group>";
		};
		334CB7A31A7F1E1D00783791 /* autolayoutForCode */ = {
			isa = PBXGroup;
			children = (
				334CB7A41A7F1E4100783791 /* Test2ViewController.h */,
				334CB7A51A7F1E4100783791 /* Test2ViewController.m */,
				334CB7A71A7F1E7100783791 /* Test2TableViewCell.h */,
				334CB7A81A7F1E7100783791 /* Test2TableViewCell.m */,
			);
			name = autolayoutForCode;
			sourceTree = "<group>";
		};
		334CB7AA1A7F1F8800783791 /* Source */ = {
			isa = PBXGroup;
			children = (
				334CB7AB1A7F1F8800783791 /* UIView+AutoLayout.h */,
				334CB7AC1A7F1F8800783791 /* UIView+AutoLayout.m */,
			);
			path = Source;
			sourceTree = "<group>";
		};
		33D0C01A1A7A29D6009E7EB8 = {
			isa = PBXGroup;
			children = (
				33D0C0251A7A29D6009E7EB8 /* TableViewHightDemo */,
				33D0C03F1A7A29D6009E7EB8 /* TableViewHightDemoTests */,
				33D0C0241A7A29D6009E7EB8 /* Products */,
			);
			sourceTree = "<group>";
		};
		33D0C0241A7A29D6009E7EB8 /* Products */ = {
			isa = PBXGroup;
			children = (
				33D0C0231A7A29D6009E7EB8 /* TableViewHightDemo.app */,
				33D0C03C1A7A29D6009E7EB8 /* TableViewHightDemoTests.xctest */,
			);
			name = Products;
			sourceTree = "<group>";
		};
		33D0C0251A7A29D6009E7EB8 /* TableViewHightDemo */ = {
			isa = PBXGroup;
			children = (
				334CB7AA1A7F1F8800783791 /* Source */,
				33D0C02A1A7A29D6009E7EB8 /* AppDelegate.h */,
				33D0C02B1A7A29D6009E7EB8 /* AppDelegate.m */,
				334CB7A31A7F1E1D00783791 /* autolayoutForCode */,
				334CB7A21A7F1DFD00783791 /* autolayoutForXib */,
				334CB79F1A7F1BDF00783791 /* ChoseTableViewController.h */,
				334CB7A01A7F1BDF00783791 /* ChoseTableViewController.m */,
				33D0C0301A7A29D6009E7EB8 /* Main.storyboard */,
				33D0C0511A7A2FA9009E7EB8 /* 10_5.jpg */,
				33D0C0331A7A29D6009E7EB8 /* Images.xcassets */,
				33D0C0351A7A29D6009E7EB8 /* LaunchScreen.xib */,
				33D0C0261A7A29D6009E7EB8 /* Supporting Files */,
			);
			path = TableViewHightDemo;
			sourceTree = "<group>";
		};
		33D0C0261A7A29D6009E7EB8 /* Supporting Files */ = {
			isa = PBXGroup;
			children = (
				33D0C0271A7A29D6009E7EB8 /* Info.plist */,
				33D0C0281A7A29D6009E7EB8 /* main.m */,
			);
			name = "Supporting Files";
			sourceTree = "<group>";
		};
		33D0C03F1A7A29D6009E7EB8 /* TableViewHightDemoTests */ = {
			isa = PBXGroup;
			children = (
				33D0C0421A7A29D6009E7EB8 /* TableViewHightDemoTests.m */,
				33D0C0401A7A29D6009E7EB8 /* Supporting Files */,
			);
			path = TableViewHightDemoTests;
			sourceTree = "<group>";
		};
		33D0C0401A7A29D6009E7EB8 /* Supporting Files */ = {
			isa = PBXGroup;
			children = (
				33D0C0411A7A29D6009E7EB8 /* Info.plist */,
			);
			name = "Supporting Files";
			sourceTree = "<group>";
		};
/* End PBXGroup section */

/* Begin PBXNativeTarget section */
		33D0C0221A7A29D6009E7EB8 /* TableViewHightDemo */ = {
			isa = PBXNativeTarget;
			buildConfigurationList = 33D0C0461A7A29D6009E7EB8 /* Build configuration list for PBXNativeTarget "TableViewHightDemo" */;
			buildPhases = (
				33D0C01F1A7A29D6009E7EB8 /* Sources */,
				33D0C0201A7A29D6009E7EB8 /* Frameworks */,
				33D0C0211A7A29D6009E7EB8 /* Resources */,
			);
			buildRules = (
			);
			dependencies = (
			);
			name = TableViewHightDemo;
			productName = TableViewHightDemo;
			productReference = 33D0C0231A7A29D6009E7EB8 /* TableViewHightDemo.app */;
			productType = "com.apple.product-type.application";
		};
		33D0C03B1A7A29D6009E7EB8 /* TableViewHightDemoTests */ = {
			isa = PBXNativeTarget;
			buildConfigurationList = 33D0C0491A7A29D6009E7EB8 /* Build configuration list for PBXNativeTarget "TableViewHightDemoTests" */;
			buildPhases = (
				33D0C0381A7A29D6009E7EB8 /* Sources */,
				33D0C0391A7A29D6009E7EB8 /* Frameworks */,
				33D0C03A1A7A29D6009E7EB8 /* Resources */,
			);
			buildRules = (
			);
			dependencies = (
				33D0C03E1A7A29D6009E7EB8 /* PBXTargetDependency */,
			);
			name = TableViewHightDemoTests;
			productName = TableViewHightDemoTests;
			productReference = 33D0C03C1A7A29D6009E7EB8 /* TableViewHightDemoTests.xctest */;
			productType = "com.apple.product-type.bundle.unit-test";
		};
/* End PBXNativeTarget section */

/* Begin PBXProject section */
		33D0C01B1A7A29D6009E7EB8 /* Project object */ = {
			isa = PBXProject;
			attributes = {
				LastUpgradeCheck = 0610;
				ORGANIZATIONNAME = Sky;
				TargetAttributes = {
					33D0C0221A7A29D6009E7EB8 = {
						CreatedOnToolsVersion = 6.1;
					};
					33D0C03B1A7A29D6009E7EB8 = {
						CreatedOnToolsVersion = 6.1;
						TestTargetID = 33D0C0221A7A29D6009E7EB8;
					};
				};
			};
			buildConfigurationList = 33D0C01E1A7A29D6009E7EB8 /* Build configuration list for PBXProject "TableViewHightDemo" */;
			compatibilityVersion = "Xcode 3.2";
			developmentRegion = English;
			hasScannedForEncodings = 0;
			knownRegions = (
				en,
				Base,
			);
			mainGroup = 33D0C01A1A7A29D6009E7EB8;
			productRefGroup = 33D0C0241A7A29D6009E7EB8 /* Products */;
			projectDirPath = "";
			projectRoot = "";
			targets = (
				33D0C0221A7A29D6009E7EB8 /* TableViewHightDemo */,
				33D0C03B1A7A29D6009E7EB8 /* TableViewHightDemoTests */,
			);
		};
/* End PBXProject section */

/* Begin PBXResourcesBuildPhase section */
		33D0C0211A7A29D6009E7EB8 /* Resources */ = {
			isa = PBXResourcesBuildPhase;
			buildActionMask = 2147483647;
			files = (
				33D0C0321A7A29D6009E7EB8 /* Main.storyboard in Resources */,
				33D0C0501A7A2A59009E7EB8 /* TestTableViewCell.xib in Resources */,
				33D0C0521A7A2FA9009E7EB8 /* 10_5.jpg in Resources */,
				33D0C0371A7A29D6009E7EB8 /* LaunchScreen.xib in Resources */,
				33D0C0341A7A29D6009E7EB8 /* Images.xcassets in Resources */,
			);
			runOnlyForDeploymentPostprocessing = 0;
		};
		33D0C03A1A7A29D6009E7EB8 /* Resources */ = {
			isa = PBXResourcesBuildPhase;
			buildActionMask = 2147483647;
			files = (
			);
			runOnlyForDeploymentPostprocessing = 0;
		};
/* End PBXResourcesBuildPhase section */

/* Begin PBXSourcesBuildPhase section */
		33D0C01F1A7A29D6009E7EB8 /* Sources */ = {
			isa = PBXSourcesBuildPhase;
			buildActionMask = 2147483647;
			files = (
				33D0C02F1A7A29D6009E7EB8 /* ViewController.m in Sources */,
				334CB7AD1A7F1F8800783791 /* UIView+AutoLayout.m in Sources */,
				334CB7A91A7F1E7100783791 /* Test2TableViewCell.m in Sources */,
				33D0C04F1A7A2A59009E7EB8 /* TestTableViewCell.m in Sources */,
				33D0C02C1A7A29D6009E7EB8 /* AppDelegate.m in Sources */,
				334CB7A61A7F1E4100783791 /* Test2ViewController.m in Sources */,
				334CB7A11A7F1BDF00783791 /* ChoseTableViewController.m in Sources */,
				33D0C0291A7A29D6009E7EB8 /* main.m in Sources */,
			);
			runOnlyForDeploymentPostprocessing = 0;
		};
		33D0C0381A7A29D6009E7EB8 /* Sources */ = {
			isa = PBXSourcesBuildPhase;
			buildActionMask = 2147483647;
			files = (
				33D0C0431A7A29D6009E7EB8 /* TableViewHightDemoTests.m in Sources */,
			);
			runOnlyForDeploymentPostprocessing = 0;
		};
/* End PBXSourcesBuildPhase section */

/* Begin PBXTargetDependency section */
		33D0C03E1A7A29D6009E7EB8 /* PBXTargetDependency */ = {
			isa = PBXTargetDependency;
			target = 33D0C0221A7A29D6009E7EB8 /* TableViewHightDemo */;
			targetProxy = 33D0C03D1A7A29D6009E7EB8 /* PBXContainerItemProxy */;
		};
/* End PBXTargetDependency section */

/* Begin PBXVariantGroup section */
		33D0C0301A7A29D6009E7EB8 /* Main.storyboard */ = {
			isa = PBXVariantGroup;
			children = (
				33D0C0311A7A29D6009E7EB8 /* Base */,
			);
			name = Main.storyboard;
			sourceTree = "<group>";
		};
		33D0C0351A7A29D6009E7EB8 /* LaunchScreen.xib */ = {
			isa = PBXVariantGroup;
			children = (
				33D0C0361A7A29D6009E7EB8 /* Base */,
			);
			name = LaunchScreen.xib;
			sourceTree = "<group>";
		};
/* End PBXVariantGroup section */

/* Begin XCBuildConfiguration section */
		33D0C0441A7A29D6009E7EB8 /* Debug */ = {
			isa = XCBuildConfiguration;
			buildSettings = {
				ALWAYS_SEARCH_USER_PATHS = NO;
				CLANG_CXX_LANGUAGE_STANDARD = "gnu++0x";
				CLANG_CXX_LIBRARY = "libc++";
				CLANG_ENABLE_MODULES = YES;
				CLANG_ENABLE_OBJC_ARC = YES;
				CLANG_WARN_BOOL_CONVERSION = YES;
				CLANG_WARN_CONSTANT_CONVERSION = YES;
				CLANG_WARN_DIRECT_OBJC_ISA_USAGE = YES_ERROR;
				CLANG_WARN_EMPTY_BODY = YES;
				CLANG_WARN_ENUM_CONVERSION = YES;
				CLANG_WARN_INT_CONVERSION = YES;
				CLANG_WARN_OBJC_ROOT_CLASS = YES_ERROR;
				CLANG_WARN_UNREACHABLE_CODE = YES;
				CLANG_WARN__DUPLICATE_METHOD_MATCH = YES;
				"CODE_SIGN_IDENTITY[sdk=iphoneos*]" = "iPhone Developer";
				COPY_PHASE_STRIP = NO;
				ENABLE_STRICT_OBJC_MSGSEND = YES;
				GCC_C_LANGUAGE_STANDARD = gnu99;
				GCC_DYNAMIC_NO_PIC = NO;
				GCC_OPTIMIZATION_LEVEL = 0;
				GCC_PREPROCESSOR_DEFINITIONS = (
					"DEBUG=1",
					"$(inherited)",
				);
				GCC_SYMBOLS_PRIVATE_EXTERN = NO;
				GCC_WARN_64_TO_32_BIT_CONVERSION = YES;
				GCC_WARN_ABOUT_RETURN_TYPE = YES_ERROR;
				GCC_WARN_UNDECLARED_SELECTOR = YES;
				GCC_WARN_UNINITIALIZED_AUTOS = YES_AGGRESSIVE;
				GCC_WARN_UNUSED_FUNCTION = YES;
				GCC_WARN_UNUSED_VARIABLE = YES;
				IPHONEOS_DEPLOYMENT_TARGET = 8.1;
				MTL_ENABLE_DEBUG_INFO = YES;
				ONLY_ACTIVE_ARCH = YES;
				SDKROOT = iphoneos;
			};
			name = Debug;
		};
		33D0C0451A7A29D6009E7EB8 /* Release */ = {
			isa = XCBuildConfiguration;
			buildSettings = {
				ALWAYS_SEARCH_USER_PATHS = NO;
				CLANG_CXX_LANGUAGE_STANDARD = "gnu++0x";
				CLANG_CXX_LIBRARY = "libc++";
				CLANG_ENABLE_MODULES = YES;
				CLANG_ENABLE_OBJC_ARC = YES;
				CLANG_WARN_BOOL_CONVERSION = YES;
				CLANG_WARN_CONSTANT_CONVERSION = YES;
				CLANG_WARN_DIRECT_OBJC_ISA_USAGE = YES_ERROR;
				CLANG_WARN_EMPTY_BODY = YES;
				CLANG_WARN_ENUM_CONVERSION = YES;
				CLANG_WARN_INT_CONVERSION = YES;
				CLANG_WARN_OBJC_ROOT_CLASS = YES_ERROR;
				CLANG_WARN_UNREACHABLE_CODE = YES;
				CLANG_WARN__DUPLICATE_METHOD_MATCH = YES;
				"CODE_SIGN_IDENTITY[sdk=iphoneos*]" = "iPhone Developer";
				COPY_PHASE_STRIP = YES;
				ENABLE_NS_ASSERTIONS = NO;
				ENABLE_STRICT_OBJC_MSGSEND = YES;
				GCC_C_LANGUAGE_STANDARD = gnu99;
				GCC_WARN_64_TO_32_BIT_CONVERSION = YES;
				GCC_WARN_ABOUT_RETURN_TYPE = YES_ERROR;
				GCC_WARN_UNDECLARED_SELECTOR = YES;
				GCC_WARN_UNINITIALIZED_AUTOS = YES_AGGRESSIVE;
				GCC_WARN_UNUSED_FUNCTION = YES;
				GCC_WARN_UNUSED_VARIABLE = YES;
				IPHONEOS_DEPLOYMENT_TARGET = 8.1;
				MTL_ENABLE_DEBUG_INFO = NO;
				SDKROOT = iphoneos;
				VALIDATE_PRODUCT = YES;
			};
			name = Release;
		};
		33D0C0471A7A29D6009E7EB8 /* Debug */ = {
			isa = XCBuildConfiguration;
			buildSettings = {
				ASSETCATALOG_COMPILER_APPICON_NAME = AppIcon;
				INFOPLIST_FILE = TableViewHightDemo/Info.plist;
				LD_RUNPATH_SEARCH_PATHS = "$(inherited) @executable_path/Frameworks";
				PRODUCT_NAME = "$(TARGET_NAME)";
			};
			name = Debug;
		};
		33D0C0481A7A29D6009E7EB8 /* Release */ = {
			isa = XCBuildConfiguration;
			buildSettings = {
				ASSETCATALOG_COMPILER_APPICON_NAME = AppIcon;
				INFOPLIST_FILE = TableViewHightDemo/Info.plist;
				LD_RUNPATH_SEARCH_PATHS = "$(inherited) @executable_path/Frameworks";
				PRODUCT_NAME = "$(TARGET_NAME)";
			};
			name = Release;
		};
		33D0C04A1A7A29D6009E7EB8 /* Debug */ = {
			isa = XCBuildConfiguration;
			buildSettings = {
				BUNDLE_LOADER = "$(TEST_HOST)";
				FRAMEWORK_SEARCH_PATHS = (
					"$(SDKROOT)/Developer/Library/Frameworks",
					"$(inherited)",
				);
				GCC_PREPROCESSOR_DEFINITIONS = (
					"DEBUG=1",
					"$(inherited)",
				);
				INFOPLIST_FILE = TableViewHightDemoTests/Info.plist;
				LD_RUNPATH_SEARCH_PATHS = "$(inherited) @executable_path/Frameworks @loader_path/Frameworks";
				PRODUCT_NAME = "$(TARGET_NAME)";
				TEST_HOST = "$(BUILT_PRODUCTS_DIR)/TableViewHightDemo.app/TableViewHightDemo";
			};
			name = Debug;
		};
		33D0C04B1A7A29D6009E7EB8 /* Release */ = {
			isa = XCBuildConfiguration;
			buildSettings = {
				BUNDLE_LOADER = "$(TEST_HOST)";
				FRAMEWORK_SEARCH_PATHS = (
					"$(SDKROOT)/Developer/Library/Frameworks",
					"$(inherited)",
				);
				INFOPLIST_FILE = TableViewHightDemoTests/Info.plist;
				LD_RUNPATH_SEARCH_PATHS = "$(inherited) @executable_path/Frameworks @loader_path/Frameworks";
				PRODUCT_NAME = "$(TARGET_NAME)";
				TEST_HOST = "$(BUILT_PRODUCTS_DIR)/TableViewHightDemo.app/TableViewHightDemo";
			};
			name = Release;
		};
/* End XCBuildConfiguration section */

/* Begin XCConfigurationList section */
		33D0C01E1A7A29D6009E7EB8 /* Build configuration list for PBXProject "TableViewHightDemo" */ = {
			isa = XCConfigurationList;
			buildConfigurations = (
				33D0C0441A7A29D6009E7EB8 /* Debug */,
				33D0C0451A7A29D6009E7EB8 /* Release */,
			);
			defaultConfigurationIsVisible = 0;
			defaultConfigurationName = Release;
		};
		33D0C0461A7A29D6009E7EB8 /* Build configuration list for PBXNativeTarget "TableViewHightDemo" */ = {
			isa = XCConfigurationList;
			buildConfigurations = (
				33D0C0471A7A29D6009E7EB8 /* Debug */,
				33D0C0481A7A29D6009E7EB8 /* Release */,
			);
			defaultConfigurationIsVisible = 0;
			defaultConfigurationName = Release;
		};
		33D0C0491A7A29D6009E7EB8 /* Build configuration list for PBXNativeTarget "TableViewHightDemoTests" */ = {
			isa = XCConfigurationList;
			buildConfigurations = (
				33D0C04A1A7A29D6009E7EB8 /* Debug */,
				33D0C04B1A7A29D6009E7EB8 /* Release */,
			);
			defaultConfigurationIsVisible = 0;
			defaultConfigurationName = Release;
		};
/* End XCConfigurationList section */
	};
	rootObject = 33D0C01B1A7A29D6009E7EB8 /* Project object */;
}
